
Microsoft Visual Studio Solution File, Format Version 12.00
# Visual Studio 15
VisualStudioVersion = 15.0.27004.2010
MinimumVisualStudioVersion = 10.0.40219.1
Project("{FAE04EC0-301F-11D3-BF4B-00C04F79EFBC}") = "DockerWebApi", "DockerWebApi\DockerWebApi.csproj", "{527F44E5-A31A-46EE-9BC0-C15D973F6248}"
EndProject
Project("{E53339B2-1760-4266-BCC7-CA923CBCF16C}") = "docker-compose", "docker-compose.dcproj", "{967E3F40-60E8-4201-9256-4336DD716F0B}"
EndProject
Global
	GlobalSection(SolutionConfigurationPlatforms) = preSolution
		Debug|Any CPU = Debug|Any CPU
		Release|Any CPU = Release|Any CPU
	EndGlobalSection
	GlobalSection(ProjectConfigurationPlatforms) = postSolution
		{527F44E5-A31A-46EE-9BC0-C15D973F6248}.Debug|Any CPU.ActiveCfg = Debug|Any CPU
		{527F44E5-A31A-46EE-9BC0-C15D973F6248}.Debug|Any CPU.Build.0 = Debug|Any CPU
		{527F44E5-A31A-46EE-9BC0-C15D973F6248}.Release|Any CPU.ActiveCfg = Release|Any CPU
		{527F44E5-A31A-46EE-9BC0-C15D973F6248}.Release|Any CPU.Build.0 = Release|Any CPU
		{967E3F40-60E8-4201-9256-4336DD716F0B}.Debug|Any CPU.ActiveCfg = Debug|Any CPU
		{967E3F40-60E8-4201-9256-4336DD716F0B}.Debug|Any CPU.Build.0 = Debug|Any CPU
		{967E3F40-60E8-4201-9256-4336DD716F0B}.Release|Any CPU.ActiveCfg = Release|Any CPU
		{967E3F40-60E8-4201-9256-4336DD716F0B}.Release|Any CPU.Build.0 = Release|Any CPU
	EndGlobalSection
	GlobalSection(SolutionProperties) = preSolution
		HideSolutionNode = FALSE
	EndGlobalSection
	GlobalSection(ExtensibilityGlobals) = postSolution
		SolutionGuid = {5C474372-83DA-4319-A965-74A697F7CCBB}
	EndGlobalSection
EndGlobal
